{
  "requires": true,
  "lockfileVersion": 1,
  "dependencies": {
    "@ionic-native/email-composer": {
      "version": "5.33.1",
      "resolved": "https://registry.npmjs.org/@ionic-native/email-composer/-/email-composer-5.33.1.tgz",
      "integrity": "sha512-20xpIQCsJBoeB4SEyTRQu/lJDPRN4iKpd04zOEOaIPglPr3a2hWQjDXWSeyEWIqY/m0AesE+CxabgtDbyFgdJw==",
      "requires": {
        "@types/cordova": "^0.0.34"
      }
    },
    "@stencil/core": {
      "version": "2.6.0",
      "resolved": "https://registry.npmjs.org/@stencil/core/-/core-2.6.0.tgz",
      "integrity": "sha512-QsxWayZyusnqSZrlCl81R71rA3KqFjVVQSH4E0rGN15F1GdQaFonKlHLyCOLKLig1zzC+DQkLLiUuocexuvdeQ=="
    },
    "@types/cordova": {
      "version": "0.0.34",
      "resolved": "https://registry.npmjs.org/@types/cordova/-/cordova-0.0.34.tgz",
      "integrity": "sha1-6nrd907Ow9dimCegw54smt3HPQQ="
    },
    "ionicons": {
      "version": "4.6.3",
      "resolved": "https://registry.npmjs.org/ionicons/-/ionicons-4.6.3.tgz",
      "integrity": "sha512-cgP+VIr2cTJpMfFyVHTerq6n2jeoiGboVoe3GlaAo5zoSBDAEXORwUZhv6m+lCyxlsHCS3nqPUE+MKyZU71t8Q=="
    }
  }
}
